Microsoft Visual Studio Solution File, Format Version 12.00
# Visual Studio Version 17
VisualStudioVersion = 17.5.2.0
MinimumVisualStudioVersion = 10.0.40219.1
Project("{FAE04EC0-301F-11D3-BF4B-00C04F79EFBC}") = "MA400_export", "MA400_export.csproj", "{B54F507D-100C-5BC9-54FD-23F32F1480B7}"
EndProject
Global
	GlobalSection(SolutionConfigurationPlatforms) = preSolution
		Debug|Any CPU = Debug|Any CPU
		Release|Any CPU = Release|Any CPU
	EndGlobalSection
	GlobalSection(ProjectConfigurationPlatforms) = postSolution
		{B54F507D-100C-5BC9-54FD-23F32F1480B7}.Debug|Any CPU.ActiveCfg = Debug|Any CPU
		{B54F507D-100C-5BC9-54FD-23F32F1480B7}.Debug|Any CPU.Build.0 = Debug|Any CPU
		{B54F507D-100C-5BC9-54FD-23F32F1480B7}.Release|Any CPU.ActiveCfg = Release|Any CPU
		{B54F507D-100C-5BC9-54FD-23F32F1480B7}.Release|Any CPU.Build.0 = Release|Any CPU
	EndGlobalSection
	GlobalSection(SolutionProperties) = preSolution
		HideSolutionNode = FALSE
	EndGlobalSection
	GlobalSection(ExtensibilityGlobals) = postSolution
		SolutionGuid = {980DD711-5291-420E-A88D-463B6049865F}
	EndGlobalSection
EndGlobal
